// !$*UTF8*$!
{
	archiveVersion = 1;
	classes = {
	};
	objectVersion = 56;
	objects = {

/* Begin PBXBuildFile section */
		3224369C28606BBB00DE7538 /* main.swift in Sources */ = {isa = PBXBuildFile; fileRef = 3224369B28606BBB00DE7538 /* main.swift */; };
		322436A72860921400DE7538 /* main.swift in Sources */ = {isa = PBXBuildFile; fileRef = 322436A62860921400DE7538 /* main.swift */; };
		322716C02863F5BE0054C253 /* main.swift in Sources */ = {isa = PBXBuildFile; fileRef = 322716BF2863F5BE0054C253 /* main.swift */; };
		322716CC286452FC0054C253 /* main.swift in Sources */ = {isa = PBXBuildFile; fileRef = 322716CB286452FC0054C253 /* main.swift */; };
		322716D7286467930054C253 /* main.swift in Sources */ = {isa = PBXBuildFile; fileRef = 322716D6286467930054C253 /* main.swift */; };
		322716E22864708B0054C253 /* main.swift in Sources */ = {isa = PBXBuildFile; fileRef = 322716E12864708B0054C253 /* main.swift */; };
		32A07839285C181200A3DE19 /* main.swift in Sources */ = {isa = PBXBuildFile; fileRef = 32A07838285C181200A3DE19 /* main.swift */; };
		32A0784C285C27A300A3DE19 /* LinkedList.swift in Sources */ = {isa = PBXBuildFile; fileRef = 32A0784B285C27A300A3DE19 /* LinkedList.swift */; };
		32A0784D285C27BC00A3DE19 /* LinkedList.swift in Sources */ = {isa = PBXBuildFile; fileRef = 32A0784B285C27A300A3DE19 /* LinkedList.swift */; };
/* End PBXBuildFile section */

/* Begin PBXCopyFilesBuildPhase section */
		3224369728606BBB00DE7538 /* CopyFiles */ = {
			isa = PBXCopyFilesBuildPhase;
			buildActionMask = 2147483647;
			dstPath = /usr/share/man/man1/;
			dstSubfolderSpec = 0;
			files = (
			);
			runOnlyForDeploymentPostprocessing = 1;
		};
		322436A22860921400DE7538 /* CopyFiles */ = {
			isa = PBXCopyFilesBuildPhase;
			buildActionMask = 2147483647;
			dstPath = /usr/share/man/man1/;
			dstSubfolderSpec = 0;
			files = (
			);
			runOnlyForDeploymentPostprocessing = 1;
		};
		322716BB2863F5BE0054C253 /* CopyFiles */ = {
			isa = PBXCopyFilesBuildPhase;
			buildActionMask = 2147483647;
			dstPath = /usr/share/man/man1/;
			dstSubfolderSpec = 0;
			files = (
			);
			runOnlyForDeploymentPostprocessing = 1;
		};
		322716C7286452FC0054C253 /* CopyFiles */ = {
			isa = PBXCopyFilesBuildPhase;
			buildActionMask = 2147483647;
			dstPath = /usr/share/man/man1/;
			dstSubfolderSpec = 0;
			files = (
			);
			runOnlyForDeploymentPostprocessing = 1;
		};
		322716D2286467930054C253 /* CopyFiles */ = {
			isa = PBXCopyFilesBuildPhase;
			buildActionMask = 2147483647;
			dstPath = /usr/share/man/man1/;
			dstSubfolderSpec = 0;
			files = (
			);
			runOnlyForDeploymentPostprocessing = 1;
		};
		322716DD2864708B0054C253 /* CopyFiles */ = {
			isa = PBXCopyFilesBuildPhase;
			buildActionMask = 2147483647;
			dstPath = /usr/share/man/man1/;
			dstSubfolderSpec = 0;
			files = (
			);
			runOnlyForDeploymentPostprocessing = 1;
		};
		32A07834285C181200A3DE19 /* CopyFiles */ = {
			isa = PBXCopyFilesBuildPhase;
			buildActionMask = 2147483647;
			dstPath = /usr/share/man/man1/;
			dstSubfolderSpec = 0;
			files = (
			);
			runOnlyForDeploymentPostprocessing = 1;
		};
		32A07840285C267B00A3DE19 /* CopyFiles */ = {
			isa = PBXCopyFilesBuildPhase;
			buildActionMask = 2147483647;
			dstPath = /usr/share/man/man1/;
			dstSubfolderSpec = 0;
			files = (
			);
			runOnlyForDeploymentPostprocessing = 1;
		};
/* End PBXCopyFilesBuildPhase section */

/* Begin PBXFileReference section */
		3224369928606BBB00DE7538 /* LinkedList-LRU */ = {isa = PBXFileReference; explicitFileType = "compiled.mach-o.executable"; includeInIndex = 0; path = "LinkedList-LRU"; sourceTree = BUILT_PRODUCTS_DIR; };
		3224369B28606BBB00DE7538 /* main.swift */ = {isa = PBXFileReference; lastKnownFileType = sourcecode.swift; path = main.swift; sourceTree = "<group>"; };
		322436A42860921400DE7538 /* Stack-ValidBrackets */ = {isa = PBXFileReference; explicitFileType = "compiled.mach-o.executable"; includeInIndex = 0; path = "Stack-ValidBrackets"; sourceTree = BUILT_PRODUCTS_DIR; };
		322436A62860921400DE7538 /* main.swift */ = {isa = PBXFileReference; lastKnownFileType = sourcecode.swift; path = main.swift; sourceTree = "<group>"; };
		322716BD2863F5BE0054C253 /* DP-PalindromicSubstrings */ = {isa = PBXFileReference; explicitFileType = "compiled.mach-o.executable"; includeInIndex = 0; path = "DP-PalindromicSubstrings"; sourceTree = BUILT_PRODUCTS_DIR; };
		322716BF2863F5BE0054C253 /* main.swift */ = {isa = PBXFileReference; lastKnownFileType = sourcecode.swift; path = main.swift; sourceTree = "<group>"; };
		322716C9286452FC0054C253 /* DP-LongestPalindrome */ = {isa = PBXFileReference; explicitFileType = "compiled.mach-o.executable"; includeInIndex = 0; path = "DP-LongestPalindrome"; sourceTree = BUILT_PRODUCTS_DIR; };
		322716CB286452FC0054C253 /* main.swift */ = {isa = PBXFileReference; lastKnownFileType = sourcecode.swift; path = main.swift; sourceTree = "<group>"; };
		322716D4286467930054C253 /* Tmp */ = {isa = PBXFileReference; explicitFileType = "compiled.mach-o.executable"; includeInIndex = 0; path = Tmp; sourceTree = BUILT_PRODUCTS_DIR; };
		322716D6286467930054C253 /* main.swift */ = {isa = PBXFileReference; lastKnownFileType = sourcecode.swift; path = main.swift; sourceTree = "<group>"; };
		322716DF2864708B0054C253 /* GA-LongestPalindrome */ = {isa = PBXFileReference; explicitFileType = "compiled.mach-o.executable"; includeInIndex = 0; path = "GA-LongestPalindrome"; sourceTree = BUILT_PRODUCTS_DIR; };
		322716E12864708B0054C253 /* main.swift */ = {isa = PBXFileReference; lastKnownFileType = sourcecode.swift; path = main.swift; sourceTree = "<group>"; };
		32A07836285C181200A3DE19 /* Stack_Imp */ = {isa = PBXFileReference; explicitFileType = "compiled.mach-o.executable"; includeInIndex = 0; path = Stack_Imp; sourceTree = BUILT_PRODUCTS_DIR; };
		32A07838285C181200A3DE19 /* main.swift */ = {isa = PBXFileReference; lastKnownFileType = sourcecode.swift; path = main.swift; sourceTree = "<group>"; };
		32A07842285C267B00A3DE19 /* DataStructure */ = {isa = PBXFileReference; explicitFileType = "compiled.mach-o.executable"; includeInIndex = 0; path = DataStructure; sourceTree = BUILT_PRODUCTS_DIR; };
		32A0784B285C27A300A3DE19 /* LinkedList.swift */ = {isa = PBXFileReference; lastKnownFileType = sourcecode.swift; path = LinkedList.swift; sourceTree = "<group>"; };
/* End PBXFileReference section */

/* Begin PBXFrameworksBuildPhase section */
		3224369628606BBB00DE7538 /* Frameworks */ = {
			isa = PBXFrameworksBuildPhase;
			buildActionMask = 2147483647;
			files = (
			);
			runOnlyForDeploymentPostprocessing = 0;
		};
		322436A12860921400DE7538 /* Frameworks */ = {
			isa = PBXFrameworksBuildPhase;
			buildActionMask = 2147483647;
			files = (
			);
			runOnlyForDeploymentPostprocessing = 0;
		};
		322716BA2863F5BE0054C253 /* Frameworks */ = {
			isa = PBXFrameworksBuildPhase;
			buildActionMask = 2147483647;
			files = (
			);
			runOnlyForDeploymentPostprocessing = 0;
		};
		322716C6286452FC0054C253 /* Frameworks */ = {
			isa = PBXFrameworksBuildPhase;
			buildActionMask = 2147483647;
			files = (
			);
			runOnlyForDeploymentPostprocessing = 0;
		};
		322716D1286467930054C253 /* Frameworks */ = {
			isa = PBXFrameworksBuildPhase;
			buildActionMask = 2147483647;
			files = (
			);
			runOnlyForDeploymentPostprocessing = 0;
		};
		322716DC2864708B0054C253 /* Frameworks */ = {
			isa = PBXFrameworksBuildPhase;
			buildActionMask = 2147483647;
			files = (
			);
			runOnlyForDeploymentPostprocessing = 0;
		};
		32A07833285C181200A3DE19 /* Frameworks */ = {
			isa = PBXFrameworksBuildPhase;
			buildActionMask = 2147483647;
			files = (
			);
			runOnlyForDeploymentPostprocessing = 0;
		};
		32A0783F285C267B00A3DE19 /* Frameworks */ = {
			isa = PBXFrameworksBuildPhase;
			buildActionMask = 2147483647;
			files = (
			);
			runOnlyForDeploymentPostprocessing = 0;
		};
/* End PBXFrameworksBuildPhase section */

/* Begin PBXGroup section */
		3224369428606BAC00DE7538 /* LinkedList */ = {
			isa = PBXGroup;
			children = (
				3224369A28606BBB00DE7538 /* LinkedList-LRU */,
			);
			path = LinkedList;
			sourceTree = "<group>";
		};
		3224369A28606BBB00DE7538 /* LinkedList-LRU */ = {
			isa = PBXGroup;
			children = (
				3224369B28606BBB00DE7538 /* main.swift */,
			);
			path = "LinkedList-LRU";
			sourceTree = "<group>";
		};
		322436A52860921400DE7538 /* Stack-ValidBrackets */ = {
			isa = PBXGroup;
			children = (
				322436A62860921400DE7538 /* main.swift */,
			);
			path = "Stack-ValidBrackets";
			sourceTree = "<group>";
		};
		322716BE2863F5BE0054C253 /* DP-PalindromicSubstrings */ = {
			isa = PBXGroup;
			children = (
				322716BF2863F5BE0054C253 /* main.swift */,
			);
			path = "DP-PalindromicSubstrings";
			sourceTree = "<group>";
		};
		322716C42863F5CF0054C253 /* DynamicProgramming */ = {
			isa = PBXGroup;
			children = (
				322716CA286452FC0054C253 /* DP-LongestPalindrome */,
				322716BE2863F5BE0054C253 /* DP-PalindromicSubstrings */,
			);
			path = DynamicProgramming;
			sourceTree = "<group>";
		};
		322716CA286452FC0054C253 /* DP-LongestPalindrome */ = {
			isa = PBXGroup;
			children = (
				322716CB286452FC0054C253 /* main.swift */,
			);
			path = "DP-LongestPalindrome";
			sourceTree = "<group>";
		};
		322716D5286467930054C253 /* Tmp */ = {
			isa = PBXGroup;
			children = (
				322716D6286467930054C253 /* main.swift */,
			);
			path = Tmp;
			sourceTree = "<group>";
		};
		322716E02864708B0054C253 /* GA-LongestPalindrome */ = {
			isa = PBXGroup;
			children = (
				322716E12864708B0054C253 /* main.swift */,
			);
			path = "GA-LongestPalindrome";
			sourceTree = "<group>";
		};
		322716E6286470920054C253 /* GreddyAlgorithm */ = {
			isa = PBXGroup;
			children = (
				322716E02864708B0054C253 /* GA-LongestPalindrome */,
			);
			path = GreddyAlgorithm;
			sourceTree = "<group>";
		};
		32A0781E285C13C000A3DE19 = {
			isa = PBXGroup;
			children = (
				322716E6286470920054C253 /* GreddyAlgorithm */,
				322716C42863F5CF0054C253 /* DynamicProgramming */,
				3224369428606BAC00DE7538 /* LinkedList */,
				32A07843285C267B00A3DE19 /* DataStructure */,
				32A07831285C17BC00A3DE19 /* Stack */,
				322716D5286467930054C253 /* Tmp */,
				32A07828285C13C000A3DE19 /* Products */,
			);
			sourceTree = "<group>";
		};
		32A07828285C13C000A3DE19 /* Products */ = {
			isa = PBXGroup;
			children = (
				32A07836285C181200A3DE19 /* Stack_Imp */,
				32A07842285C267B00A3DE19 /* DataStructure */,
				3224369928606BBB00DE7538 /* LinkedList-LRU */,
				322436A42860921400DE7538 /* Stack-ValidBrackets */,
				322716BD2863F5BE0054C253 /* DP-PalindromicSubstrings */,
				322716C9286452FC0054C253 /* DP-LongestPalindrome */,
				322716D4286467930054C253 /* Tmp */,
				322716DF2864708B0054C253 /* GA-LongestPalindrome */,
			);
			name = Products;
			sourceTree = "<group>";
		};
		32A07831285C17BC00A3DE19 /* Stack */ = {
			isa = PBXGroup;
			children = (
				322436A52860921400DE7538 /* Stack-ValidBrackets */,
				32A07837285C181200A3DE19 /* Stack_Imp */,
			);
			path = Stack;
			sourceTree = "<group>";
		};
		32A07837285C181200A3DE19 /* Stack_Imp */ = {
			isa = PBXGroup;
			children = (
				32A07838285C181200A3DE19 /* main.swift */,
			);
			path = Stack_Imp;
			sourceTree = "<group>";
		};
		32A07843285C267B00A3DE19 /* DataStructure */ = {
			isa = PBXGroup;
			children = (
				32A0784B285C27A300A3DE19 /* LinkedList.swift */,
			);
			path = DataStructure;
			sourceTree = "<group>";
		};
/* End PBXGroup section */

/* Begin PBXNativeTarget section */
		3224369828606BBB00DE7538 /* LinkedList-LRU */ = {
			isa = PBXNativeTarget;
			buildConfigurationList = 3224369D28606BBB00DE7538 /* Build configuration list for PBXNativeTarget "LinkedList-LRU" */;
			buildPhases = (
				3224369528606BBB00DE7538 /* Sources */,
				3224369628606BBB00DE7538 /* Frameworks */,
				3224369728606BBB00DE7538 /* CopyFiles */,
			);
			buildRules = (
			);
			dependencies = (
			);
			name = "LinkedList-LRU";
			productName = "LinkedList-LRU";
			productReference = 3224369928606BBB00DE7538 /* LinkedList-LRU */;
			productType = "com.apple.product-type.tool";
		};
		322436A32860921400DE7538 /* Stack-ValidBrackets */ = {
			isa = PBXNativeTarget;
			buildConfigurationList = 322436A82860921400DE7538 /* Build configuration list for PBXNativeTarget "Stack-ValidBrackets" */;
			buildPhases = (
				322436A02860921400DE7538 /* Sources */,
				322436A12860921400DE7538 /* Frameworks */,
				322436A22860921400DE7538 /* CopyFiles */,
			);
			buildRules = (
			);
			dependencies = (
			);
			name = "Stack-ValidBrackets";
			productName = "Stack-ValidBrackets";
			productReference = 322436A42860921400DE7538 /* Stack-ValidBrackets */;
			productType = "com.apple.product-type.tool";
		};
		322716BC2863F5BE0054C253 /* DP-PalindromicSubstrings */ = {
			isa = PBXNativeTarget;
			buildConfigurationList = 322716C32863F5BE0054C253 /* Build configuration list for PBXNativeTarget "DP-PalindromicSubstrings" */;
			buildPhases = (
				322716B92863F5BE0054C253 /* Sources */,
				322716BA2863F5BE0054C253 /* Frameworks */,
				322716BB2863F5BE0054C253 /* CopyFiles */,
			);
			buildRules = (
			);
			dependencies = (
			);
			name = "DP-PalindromicSubstrings";
			productName = "DP-PalindromicSubstrings";
			productReference = 322716BD2863F5BE0054C253 /* DP-PalindromicSubstrings */;
			productType = "com.apple.product-type.tool";
		};
		322716C8286452FC0054C253 /* DP-LongestPalindrome */ = {
			isa = PBXNativeTarget;
			buildConfigurationList = 322716CD286452FC0054C253 /* Build configuration list for PBXNativeTarget "DP-LongestPalindrome" */;
			buildPhases = (
				322716C5286452FC0054C253 /* Sources */,
				322716C6286452FC0054C253 /* Frameworks */,
				322716C7286452FC0054C253 /* CopyFiles */,
			);
			buildRules = (
			);
			dependencies = (
			);
			name = "DP-LongestPalindrome";
			productName = "DP-LongestPalindrome";
			productReference = 322716C9286452FC0054C253 /* DP-LongestPalindrome */;
			productType = "com.apple.product-type.tool";
		};
		322716D3286467930054C253 /* Tmp */ = {
			isa = PBXNativeTarget;
			buildConfigurationList = 322716D8286467930054C253 /* Build configuration list for PBXNativeTarget "Tmp" */;
			buildPhases = (
				322716D0286467930054C253 /* Sources */,
				322716D1286467930054C253 /* Frameworks */,
				322716D2286467930054C253 /* CopyFiles */,
			);
			buildRules = (
			);
			dependencies = (
			);
			name = Tmp;
			productName = Tmp;
			productReference = 322716D4286467930054C253 /* Tmp */;
			productType = "com.apple.product-type.tool";
		};
		322716DE2864708B0054C253 /* GA-LongestPalindrome */ = {
			isa = PBXNativeTarget;
			buildConfigurationList = 322716E32864708B0054C253 /* Build configuration list for PBXNativeTarget "GA-LongestPalindrome" */;
			buildPhases = (
				322716DB2864708B0054C253 /* Sources */,
				322716DC2864708B0054C253 /* Frameworks */,
				322716DD2864708B0054C253 /* CopyFiles */,
			);
			buildRules = (
			);
			dependencies = (
			);
			name = "GA-LongestPalindrome";
			productName = "GA-LongestPalindrome";
			productReference = 322716DF2864708B0054C253 /* GA-LongestPalindrome */;
			productType = "com.apple.product-type.tool";
		};
		32A07835285C181200A3DE19 /* Stack_Imp */ = {
			isa = PBXNativeTarget;
			buildConfigurationList = 32A0783A285C181200A3DE19 /* Build configuration list for PBXNativeTarget "Stack_Imp" */;
			buildPhases = (
				32A07832285C181200A3DE19 /* Sources */,
				32A07833285C181200A3DE19 /* Frameworks */,
				32A07834285C181200A3DE19 /* CopyFiles */,
			);
			buildRules = (
			);
			dependencies = (
			);
			name = Stack_Imp;
			productName = Stack_Imp;
			productReference = 32A07836285C181200A3DE19 /* Stack_Imp */;
			productType = "com.apple.product-type.tool";
		};
		32A07841285C267B00A3DE19 /* DataStructure */ = {
			isa = PBXNativeTarget;
			buildConfigurationList = 32A07846285C267B00A3DE19 /* Build configuration list for PBXNativeTarget "DataStructure" */;
			buildPhases = (
				32A0783E285C267B00A3DE19 /* Sources */,
				32A0783F285C267B00A3DE19 /* Frameworks */,
				32A07840285C267B00A3DE19 /* CopyFiles */,
			);
			buildRules = (
			);
			dependencies = (
			);
			name = DataStructure;
			productName = DataStructure;
			productReference = 32A07842285C267B00A3DE19 /* DataStructure */;
			productType = "com.apple.product-type.tool";
		};
/* End PBXNativeTarget section */

/* Begin PBXProject section */
		32A0781F285C13C000A3DE19 /* Project object */ = {
			isa = PBXProject;
			attributes = {
				BuildIndependentTargetsInParallel = 1;
				LastSwiftUpdateCheck = 1400;
				LastUpgradeCheck = 1400;
				TargetAttributes = {
					3224369828606BBB00DE7538 = {
						CreatedOnToolsVersion = 14.0;
					};
					322436A32860921400DE7538 = {
						CreatedOnToolsVersion = 14.0;
					};
					322716BC2863F5BE0054C253 = {
						CreatedOnToolsVersion = 14.0;
					};
					322716C8286452FC0054C253 = {
						CreatedOnToolsVersion = 14.0;
					};
					322716D3286467930054C253 = {
						CreatedOnToolsVersion = 14.0;
					};
					322716DE2864708B0054C253 = {
						CreatedOnToolsVersion = 14.0;
					};
					32A07835285C181200A3DE19 = {
						CreatedOnToolsVersion = 14.0;
					};
					32A07841285C267B00A3DE19 = {
						CreatedOnToolsVersion = 14.0;
					};
				};
			};
			buildConfigurationList = 32A07822285C13C000A3DE19 /* Build configuration list for PBXProject "algorithms-leetcode-swift" */;
			compatibilityVersion = "Xcode 14.0";
			developmentRegion = en;
			hasScannedForEncodings = 0;
			knownRegions = (
				en,
				Base,
			);
			mainGroup = 32A0781E285C13C000A3DE19;
			productRefGroup = 32A07828285C13C000A3DE19 /* Products */;
			projectDirPath = "";
			projectRoot = "";
			targets = (
				322716D3286467930054C253 /* Tmp */,
				32A07835285C181200A3DE19 /* Stack_Imp */,
				32A07841285C267B00A3DE19 /* DataStructure */,
				3224369828606BBB00DE7538 /* LinkedList-LRU */,
				322436A32860921400DE7538 /* Stack-ValidBrackets */,
				322716BC2863F5BE0054C253 /* DP-PalindromicSubstrings */,
				322716C8286452FC0054C253 /* DP-LongestPalindrome */,
				322716DE2864708B0054C253 /* GA-LongestPalindrome */,
			);
		};
/* End PBXProject section */

/* Begin PBXSourcesBuildPhase section */
		3224369528606BBB00DE7538 /* Sources */ = {
			isa = PBXSourcesBuildPhase;
			buildActionMask = 2147483647;
			files = (
				3224369C28606BBB00DE7538 /* main.swift in Sources */,
			);
			runOnlyForDeploymentPostprocessing = 0;
		};
		322436A02860921400DE7538 /* Sources */ = {
			isa = PBXSourcesBuildPhase;
			buildActionMask = 2147483647;
			files = (
				322436A72860921400DE7538 /* main.swift in Sources */,
			);
			runOnlyForDeploymentPostprocessing = 0;
		};
		322716B92863F5BE0054C253 /* Sources */ = {
			isa = PBXSourcesBuildPhase;
			buildActionMask = 2147483647;
			files = (
				322716C02863F5BE0054C253 /* main.swift in Sources */,
			);
			runOnlyForDeploymentPostprocessing = 0;
		};
		322716C5286452FC0054C253 /* Sources */ = {
			isa = PBXSourcesBuildPhase;
			buildActionMask = 2147483647;
			files = (
				322716CC286452FC0054C253 /* main.swift in Sources */,
			);
			runOnlyForDeploymentPostprocessing = 0;
		};
		322716D0286467930054C253 /* Sources */ = {
			isa = PBXSourcesBuildPhase;
			buildActionMask = 2147483647;
			files = (
				322716D7286467930054C253 /* main.swift in Sources */,
			);
			runOnlyForDeploymentPostprocessing = 0;
		};
		322716DB2864708B0054C253 /* Sources */ = {
			isa = PBXSourcesBuildPhase;
			buildActionMask = 2147483647;
			files = (
				322716E22864708B0054C253 /* main.swift in Sources */,
			);
			runOnlyForDeploymentPostprocessing = 0;
		};
		32A07832285C181200A3DE19 /* Sources */ = {
			isa = PBXSourcesBuildPhase;
			buildActionMask = 2147483647;
			files = (
				32A0784D285C27BC00A3DE19 /* LinkedList.swift in Sources */,
				32A07839285C181200A3DE19 /* main.swift in Sources */,
			);
			runOnlyForDeploymentPostprocessing = 0;
		};
		32A0783E285C267B00A3DE19 /* Sources */ = {
			isa = PBXSourcesBuildPhase;
			buildActionMask = 2147483647;
			files = (
				32A0784C285C27A300A3DE19 /* LinkedList.swift in Sources */,
			);
			runOnlyForDeploymentPostprocessing = 0;
		};
/* End PBXSourcesBuildPhase section */

/* Begin XCBuildConfiguration section */
		3224369E28606BBB00DE7538 /* Debug */ = {
			isa = XCBuildConfiguration;
			buildSettings = {
				CODE_SIGN_STYLE = Automatic;
				DEVELOPMENT_TEAM = JHT4FL54H9;
				ENABLE_HARDENED_RUNTIME = YES;
				PRODUCT_NAME = "$(TARGET_NAME)";
				SWIFT_VERSION = 5.0;
			};
			name = Debug;
		};
		3224369F28606BBB00DE7538 /* Release */ = {
			isa = XCBuildConfiguration;
			buildSettings = {
				CODE_SIGN_STYLE = Automatic;
				DEVELOPMENT_TEAM = JHT4FL54H9;
				ENABLE_HARDENED_RUNTIME = YES;
				PRODUCT_NAME = "$(TARGET_NAME)";
				SWIFT_VERSION = 5.0;
			};
			name = Release;
		};
		322436A92860921400DE7538 /* Debug */ = {
			isa = XCBuildConfiguration;
			buildSettings = {
				CODE_SIGN_STYLE = Automatic;
				DEVELOPMENT_TEAM = JHT4FL54H9;
				ENABLE_HARDENED_RUNTIME = YES;
				PRODUCT_NAME = "$(TARGET_NAME)";
				SWIFT_VERSION = 5.0;
			};
			name = Debug;
		};
		322436AA2860921400DE7538 /* Release */ = {
			isa = XCBuildConfiguration;
			buildSettings = {
				CODE_SIGN_STYLE = Automatic;
				DEVELOPMENT_TEAM = JHT4FL54H9;
				ENABLE_HARDENED_RUNTIME = YES;
				PRODUCT_NAME = "$(TARGET_NAME)";
				SWIFT_VERSION = 5.0;
			};
			name = Release;
		};
		322716C12863F5BE0054C253 /* Debug */ = {
			isa = XCBuildConfiguration;
			buildSettings = {
				CODE_SIGN_STYLE = Automatic;
				DEVELOPMENT_TEAM = JHT4FL54H9;
				ENABLE_HARDENED_RUNTIME = YES;
				PRODUCT_NAME = "$(TARGET_NAME)";
				SWIFT_VERSION = 5.0;
			};
			name = Debug;
		};
		322716C22863F5BE0054C253 /* Release */ = {
			isa = XCBuildConfiguration;
			buildSettings = {
				CODE_SIGN_STYLE = Automatic;
				DEVELOPMENT_TEAM = JHT4FL54H9;
				ENABLE_HARDENED_RUNTIME = YES;
				PRODUCT_NAME = "$(TARGET_NAME)";
				SWIFT_VERSION = 5.0;
			};
			name = Release;
		};
		322716CE286452FC0054C253 /* Debug */ = {
			isa = XCBuildConfiguration;
			buildSettings = {
				CODE_SIGN_STYLE = Automatic;
				DEVELOPMENT_TEAM = JHT4FL54H9;
				ENABLE_HARDENED_RUNTIME = YES;
				PRODUCT_NAME = "$(TARGET_NAME)";
				SWIFT_VERSION = 5.0;
			};
			name = Debug;
		};
		322716CF286452FC0054C253 /* Release */ = {
			isa = XCBuildConfiguration;
			buildSettings = {
				CODE_SIGN_STYLE = Automatic;
				DEVELOPMENT_TEAM = JHT4FL54H9;
				ENABLE_HARDENED_RUNTIME = YES;
				PRODUCT_NAME = "$(TARGET_NAME)";
				SWIFT_VERSION = 5.0;
			};
			name = Release;
		};
		322716D9286467930054C253 /* Debug */ = {
			isa = XCBuildConfiguration;
			buildSettings = {
				CODE_SIGN_STYLE = Automatic;
				DEVELOPMENT_TEAM = JHT4FL54H9;
				ENABLE_HARDENED_RUNTIME = YES;
				PRODUCT_NAME = "$(TARGET_NAME)";
				SWIFT_VERSION = 5.0;
			};
			name = Debug;
		};
		322716DA286467930054C253 /* Release */ = {
			isa = XCBuildConfiguration;
			buildSettings = {
				CODE_SIGN_STYLE = Automatic;
				DEVELOPMENT_TEAM = JHT4FL54H9;
				ENABLE_HARDENED_RUNTIME = YES;
				PRODUCT_NAME = "$(TARGET_NAME)";
				SWIFT_VERSION = 5.0;
			};
			name = Release;
		};
		322716E42864708B0054C253 /* Debug */ = {
			isa = XCBuildConfiguration;
			buildSettings = {
				CODE_SIGN_STYLE = Automatic;
				DEVELOPMENT_TEAM = JHT4FL54H9;
				ENABLE_HARDENED_RUNTIME = YES;
				PRODUCT_NAME = "$(TARGET_NAME)";
				SWIFT_VERSION = 5.0;
			};
			name = Debug;
		};
		322716E52864708B0054C253 /* Release */ = {
			isa = XCBuildConfiguration;
			buildSettings = {
				CODE_SIGN_STYLE = Automatic;
				DEVELOPMENT_TEAM = JHT4FL54H9;
				ENABLE_HARDENED_RUNTIME = YES;
				PRODUCT_NAME = "$(TARGET_NAME)";
				SWIFT_VERSION = 5.0;
			};
			name = Release;
		};
		32A0782C285C13C000A3DE19 /* Debug */ = {
			isa = XCBuildConfiguration;
			buildSettings = {
				ALWAYS_SEARCH_USER_PATHS = NO;
				CLANG_ANALYZER_NONNULL = YES;
				CLANG_ANALYZER_NUMBER_OBJECT_CONVERSION = YES_AGGRESSIVE;
				CLANG_CXX_LANGUAGE_STANDARD = "gnu++17";
				CLANG_ENABLE_MODULES = YES;
				CLANG_ENABLE_OBJC_ARC = YES;
				CLANG_ENABLE_OBJC_WEAK = YES;
				CLANG_WARN_BLOCK_CAPTURE_AUTORELEASING = YES;
				CLANG_WARN_BOOL_CONVERSION = YES;
				CLANG_WARN_COMMA = YES;
				CLANG_WARN_CONSTANT_CONVERSION = YES;
				CLANG_WARN_DEPRECATED_OBJC_IMPLEMENTATIONS = YES;
				CLANG_WARN_DIRECT_OBJC_ISA_USAGE = YES_ERROR;
				CLANG_WARN_DOCUMENTATION_COMMENTS = YES;
				CLANG_WARN_EMPTY_BODY = YES;
				CLANG_WARN_ENUM_CONVERSION = YES;
				CLANG_WARN_INFINITE_RECURSION = YES;
				CLANG_WARN_INT_CONVERSION = YES;
				CLANG_WARN_NON_LITERAL_NULL_CONVERSION = YES;
				CLANG_WARN_OBJC_IMPLICIT_RETAIN_SELF = YES;
				CLANG_WARN_OBJC_LITERAL_CONVERSION = YES;
				CLANG_WARN_OBJC_ROOT_CLASS = YES_ERROR;
				CLANG_WARN_QUOTED_INCLUDE_IN_FRAMEWORK_HEADER = YES;
				CLANG_WARN_RANGE_LOOP_ANALYSIS = YES;
				CLANG_WARN_STRICT_PROTOTYPES = YES;
				CLANG_WARN_SUSPICIOUS_MOVE = YES;
				CLANG_WARN_UNGUARDED_AVAILABILITY = YES_AGGRESSIVE;
				CLANG_WARN_UNREACHABLE_CODE = YES;
				CLANG_WARN__DUPLICATE_METHOD_MATCH = YES;
				COPY_PHASE_STRIP = NO;
				DEBUG_INFORMATION_FORMAT = dwarf;
				ENABLE_STRICT_OBJC_MSGSEND = YES;
				ENABLE_TESTABILITY = YES;
				GCC_C_LANGUAGE_STANDARD = gnu11;
				GCC_DYNAMIC_NO_PIC = NO;
				GCC_NO_COMMON_BLOCKS = YES;
				GCC_OPTIMIZATION_LEVEL = 0;
				GCC_PREPROCESSOR_DEFINITIONS = (
					"DEBUG=1",
					"$(inherited)",
				);
				GCC_WARN_64_TO_32_BIT_CONVERSION = YES;
				GCC_WARN_ABOUT_RETURN_TYPE = YES_ERROR;
				GCC_WARN_UNDECLARED_SELECTOR = YES;
				GCC_WARN_UNINITIALIZED_AUTOS = YES_AGGRESSIVE;
				GCC_WARN_UNUSED_FUNCTION = YES;
				GCC_WARN_UNUSED_VARIABLE = YES;
				MACOSX_DEPLOYMENT_TARGET = 12.4;
				MTL_ENABLE_DEBUG_INFO = INCLUDE_SOURCE;
				MTL_FAST_MATH = YES;
				ONLY_ACTIVE_ARCH = YES;
				SDKROOT = macosx;
				SWIFT_ACTIVE_COMPILATION_CONDITIONS = DEBUG;
				SWIFT_OPTIMIZATION_LEVEL = "-Onone";
			};
			name = Debug;
		};
		32A0782D285C13C000A3DE19 /* Release */ = {
			isa = XCBuildConfiguration;
			buildSettings = {
				ALWAYS_SEARCH_USER_PATHS = NO;
				CLANG_ANALYZER_NONNULL = YES;
				CLANG_ANALYZER_NUMBER_OBJECT_CONVERSION = YES_AGGRESSIVE;
				CLANG_CXX_LANGUAGE_STANDARD = "gnu++17";
				CLANG_ENABLE_MODULES = YES;
				CLANG_ENABLE_OBJC_ARC = YES;
				CLANG_ENABLE_OBJC_WEAK = YES;
				CLANG_WARN_BLOCK_CAPTURE_AUTORELEASING = YES;
				CLANG_WARN_BOOL_CONVERSION = YES;
				CLANG_WARN_COMMA = YES;
				CLANG_WARN_CONSTANT_CONVERSION = YES;
				CLANG_WARN_DEPRECATED_OBJC_IMPLEMENTATIONS = YES;
				CLANG_WARN_DIRECT_OBJC_ISA_USAGE = YES_ERROR;
				CLANG_WARN_DOCUMENTATION_COMMENTS = YES;
				CLANG_WARN_EMPTY_BODY = YES;
				CLANG_WARN_ENUM_CONVERSION = YES;
				CLANG_WARN_INFINITE_RECURSION = YES;
				CLANG_WARN_INT_CONVERSION = YES;
				CLANG_WARN_NON_LITERAL_NULL_CONVERSION = YES;
				CLANG_WARN_OBJC_IMPLICIT_RETAIN_SELF = YES;
				CLANG_WARN_OBJC_LITERAL_CONVERSION = YES;
				CLANG_WARN_OBJC_ROOT_CLASS = YES_ERROR;
				CLANG_WARN_QUOTED_INCLUDE_IN_FRAMEWORK_HEADER = YES;
				CLANG_WARN_RANGE_LOOP_ANALYSIS = YES;
				CLANG_WARN_STRICT_PROTOTYPES = YES;
				CLANG_WARN_SUSPICIOUS_MOVE = YES;
				CLANG_WARN_UNGUARDED_AVAILABILITY = YES_AGGRESSIVE;
				CLANG_WARN_UNREACHABLE_CODE = YES;
				CLANG_WARN__DUPLICATE_METHOD_MATCH = YES;
				COPY_PHASE_STRIP = NO;
				DEBUG_INFORMATION_FORMAT = "dwarf-with-dsym";
				ENABLE_NS_ASSERTIONS = NO;
				ENABLE_STRICT_OBJC_MSGSEND = YES;
				GCC_C_LANGUAGE_STANDARD = gnu11;
				GCC_NO_COMMON_BLOCKS = YES;
				GCC_WARN_64_TO_32_BIT_CONVERSION = YES;
				GCC_WARN_ABOUT_RETURN_TYPE = YES_ERROR;
				GCC_WARN_UNDECLARED_SELECTOR = YES;
				GCC_WARN_UNINITIALIZED_AUTOS = YES_AGGRESSIVE;
				GCC_WARN_UNUSED_FUNCTION = YES;
				GCC_WARN_UNUSED_VARIABLE = YES;
				MACOSX_DEPLOYMENT_TARGET = 12.4;
				MTL_ENABLE_DEBUG_INFO = NO;
				MTL_FAST_MATH = YES;
				SDKROOT = macosx;
				SWIFT_COMPILATION_MODE = wholemodule;
				SWIFT_OPTIMIZATION_LEVEL = "-O";
			};
			name = Release;
		};
		32A0783B285C181200A3DE19 /* Debug */ = {
			isa = XCBuildConfiguration;
			buildSettings = {
				CODE_SIGN_STYLE = Automatic;
				DEVELOPMENT_TEAM = JHT4FL54H9;
				ENABLE_HARDENED_RUNTIME = YES;
				PRODUCT_NAME = "$(TARGET_NAME)";
				SWIFT_VERSION = 5.0;
			};
			name = Debug;
		};
		32A0783C285C181200A3DE19 /* Release */ = {
			isa = XCBuildConfiguration;
			buildSettings = {
				CODE_SIGN_STYLE = Automatic;
				DEVELOPMENT_TEAM = JHT4FL54H9;
				ENABLE_HARDENED_RUNTIME = YES;
				PRODUCT_NAME = "$(TARGET_NAME)";
				SWIFT_VERSION = 5.0;
			};
			name = Release;
		};
		32A07847285C267B00A3DE19 /* Debug */ = {
			isa = XCBuildConfiguration;
			buildSettings = {
				CODE_SIGN_STYLE = Automatic;
				DEVELOPMENT_TEAM = JHT4FL54H9;
				ENABLE_HARDENED_RUNTIME = YES;
				PRODUCT_NAME = "$(TARGET_NAME)";
				SWIFT_VERSION = 5.0;
			};
			name = Debug;
		};
		32A07848285C267B00A3DE19 /* Release */ = {
			isa = XCBuildConfiguration;
			buildSettings = {
				CODE_SIGN_STYLE = Automatic;
				DEVELOPMENT_TEAM = JHT4FL54H9;
				ENABLE_HARDENED_RUNTIME = YES;
				PRODUCT_NAME = "$(TARGET_NAME)";
				SWIFT_VERSION = 5.0;
			};
			name = Release;
		};
/* End XCBuildConfiguration section */

/* Begin XCConfigurationList section */
		3224369D28606BBB00DE7538 /* Build configuration list for PBXNativeTarget "LinkedList-LRU" */ = {
			isa = XCConfigurationList;
			buildConfigurations = (
				3224369E28606BBB00DE7538 /* Debug */,
				3224369F28606BBB00DE7538 /* Release */,
			);
			defaultConfigurationIsVisible = 0;
			defaultConfigurationName = Release;
		};
		322436A82860921400DE7538 /* Build configuration list for PBXNativeTarget "Stack-ValidBrackets" */ = {
			isa = XCConfigurationList;
			buildConfigurations = (
				322436A92860921400DE7538 /* Debug */,
				322436AA2860921400DE7538 /* Release */,
			);
			defaultConfigurationIsVisible = 0;
			defaultConfigurationName = Release;
		};
		322716C32863F5BE0054C253 /* Build configuration list for PBXNativeTarget "DP-PalindromicSubstrings" */ = {
			isa = XCConfigurationList;
			buildConfigurations = (
				322716C12863F5BE0054C253 /* Debug */,
				322716C22863F5BE0054C253 /* Release */,
			);
			defaultConfigurationIsVisible = 0;
			defaultConfigurationName = Release;
		};
		322716CD286452FC0054C253 /* Build configuration list for PBXNativeTarget "DP-LongestPalindrome" */ = {
			isa = XCConfigurationList;
			buildConfigurations = (
				322716CE286452FC0054C253 /* Debug */,
				322716CF286452FC0054C253 /* Release */,
			);
			defaultConfigurationIsVisible = 0;
			defaultConfigurationName = Release;
		};
		322716D8286467930054C253 /* Build configuration list for PBXNativeTarget "Tmp" */ = {
			isa = XCConfigurationList;
			buildConfigurations = (
				322716D9286467930054C253 /* Debug */,
				322716DA286467930054C253 /* Release */,
			);
			defaultConfigurationIsVisible = 0;
			defaultConfigurationName = Release;
		};
		322716E32864708B0054C253 /* Build configuration list for PBXNativeTarget "GA-LongestPalindrome" */ = {
			isa = XCConfigurationList;
			buildConfigurations = (
				322716E42864708B0054C253 /* Debug */,
				322716E52864708B0054C253 /* Release */,
			);
			defaultConfigurationIsVisible = 0;
			defaultConfigurationName = Release;
		};
		32A07822285C13C000A3DE19 /* Build configuration list for PBXProject "algorithms-leetcode-swift" */ = {
			isa = XCConfigurationList;
			buildConfigurations = (
				32A0782C285C13C000A3DE19 /* Debug */,
				32A0782D285C13C000A3DE19 /* Release */,
			);
			defaultConfigurationIsVisible = 0;
			defaultConfigurationName = Release;
		};
		32A0783A285C181200A3DE19 /* Build configuration list for PBXNativeTarget "Stack_Imp" */ = {
			isa = XCConfigurationList;
			buildConfigurations = (
				32A0783B285C181200A3DE19 /* Debug */,
				32A0783C285C181200A3DE19 /* Release */,
			);
			defaultConfigurationIsVisible = 0;
			defaultConfigurationName = Release;
		};
		32A07846285C267B00A3DE19 /* Build configuration list for PBXNativeTarget "DataStructure" */ = {
			isa = XCConfigurationList;
			buildConfigurations = (
				32A07847285C267B00A3DE19 /* Debug */,
				32A07848285C267B00A3DE19 /* Release */,
			);
			defaultConfigurationIsVisible = 0;
			defaultConfigurationName = Release;
		};
/* End XCConfigurationList section */
	};
	rootObject = 32A0781F285C13C000A3DE19 /* Project object */;
}
